
Microsoft Visual Studio Solution File, Format Version 12.00
# Visual Studio Version 16
VisualStudioVersion = 16.0.30804.86
MinimumVisualStudioVersion = 10.0.40219.1
Project("{FAE04EC0-301F-11D3-BF4B-00C04F79EFBC}") = "WebRaoTin", "WebRaoTin\WebRaoTin.csproj", "{7FA790B2-BF16-4055-8AB4-1D6A39370F69}"
EndProject
Global
	GlobalSection(SolutionConfigurationPlatforms) = preSolution
		Debug|Any CPU = Debug|Any CPU
		Release|Any CPU = Release|Any CPU
	EndGlobalSection
	GlobalSection(ProjectConfigurationPlatforms) = postSolution
		{7FA790B2-BF16-4055-8AB4-1D6A39370F69}.Debug|Any CPU.ActiveCfg = Debug|Any CPU
		{7FA790B2-BF16-4055-8AB4-1D6A39370F69}.Debug|Any CPU.Build.0 = Debug|Any CPU
		{7FA790B2-BF16-4055-8AB4-1D6A39370F69}.Release|Any CPU.ActiveCfg = Release|Any CPU
		{7FA790B2-BF16-4055-8AB4-1D6A39370F69}.Release|Any CPU.Build.0 = Release|Any CPU
	EndGlobalSection
	GlobalSection(SolutionProperties) = preSolution
		HideSolutionNode = FALSE
	EndGlobalSection
	GlobalSection(ExtensibilityGlobals) = postSolution
		SolutionGuid = {21790C5A-738A-4338-884A-3D3C76C72C88}
	EndGlobalSection
EndGlobal
